// !$*UTF8*$!
{
	archiveVersion = 1;
	classes = {
	};
	objectVersion = 77;
	objects = {

/* Begin PBXBuildFile section */
		185B4F5A2CD0DE2B00DD6120 /* WidgetKit.framework in Frameworks */ = {isa = PBXBuildFile; fileRef = 185B4F592CD0DE2B00DD6120 /* WidgetKit.framework */; };
		185B4F5C2CD0DE2B00DD6120 /* SwiftUI.framework in Frameworks */ = {isa = PBXBuildFile; fileRef = 185B4F5B2CD0DE2B00DD6120 /* SwiftUI.framework */; };
		185B4F6D2CD0DE2E00DD6120 /* Dex3CoreDataWidgetExtension.appex in Embed Foundation Extensions */ = {isa = PBXBuildFile; fileRef = 185B4F572CD0DE2B00DD6120 /* Dex3CoreDataWidgetExtension.appex */; settings = {ATTRIBUTES = (RemoveHeadersOnCopy, ); }; };
/* End PBXBuildFile section */

/* Begin PBXContainerItemProxy section */
		185B4F6B2CD0DE2E00DD6120 /* PBXContainerItemProxy */ = {
			isa = PBXContainerItemProxy;
			containerPortal = 1874F8F82CCF7620005309EB /* Project object */;
			proxyType = 1;
			remoteGlobalIDString = 185B4F562CD0DE2B00DD6120;
			remoteInfo = Dex3CoreDataWidgetExtension;
		};
		1874F9172CCF7623005309EB /* PBXContainerItemProxy */ = {
			isa = PBXContainerItemProxy;
			containerPortal = 1874F8F82CCF7620005309EB /* Project object */;
			proxyType = 1;
			remoteGlobalIDString = 1874F8FF2CCF7620005309EB;
			remoteInfo = Dex3CoreData;
		};
		1874F9212CCF7623005309EB /* PBXContainerItemProxy */ = {
			isa = PBXContainerItemProxy;
			containerPortal = 1874F8F82CCF7620005309EB /* Project object */;
			proxyType = 1;
			remoteGlobalIDString = 1874F8FF2CCF7620005309EB;
			remoteInfo = Dex3CoreData;
		};
/* End PBXContainerItemProxy section */

/* Begin PBXCopyFilesBuildPhase section */
		185B4F722CD0DE2E00DD6120 /* Embed Foundation Extensions */ = {
			isa = PBXCopyFilesBuildPhase;
			buildActionMask = 2147483647;
			dstPath = "";
			dstSubfolderSpec = 13;
			files = (
				185B4F6D2CD0DE2E00DD6120 /* Dex3CoreDataWidgetExtension.appex in Embed Foundation Extensions */,
			);
			name = "Embed Foundation Extensions";
			runOnlyForDeploymentPostprocessing = 0;
		};
/* End PBXCopyFilesBuildPhase section */

/* Begin PBXFileReference section */
		185B4F572CD0DE2B00DD6120 /* Dex3CoreDataWidgetExtension.appex */ = {isa = PBXFileReference; explicitFileType = "wrapper.app-extension"; includeInIndex = 0; path = Dex3CoreDataWidgetExtension.appex; sourceTree = BUILT_PRODUCTS_DIR; };
		185B4F592CD0DE2B00DD6120 /* WidgetKit.framework */ = {isa = PBXFileReference; lastKnownFileType = wrapper.framework; name = WidgetKit.framework; path = System/Library/Frameworks/WidgetKit.framework; sourceTree = SDKROOT; };
		185B4F5B2CD0DE2B00DD6120 /* SwiftUI.framework */ = {isa = PBXFileReference; lastKnownFileType = wrapper.framework; name = SwiftUI.framework; path = System/Library/Frameworks/SwiftUI.framework; sourceTree = SDKROOT; };
		1874F9002CCF7620005309EB /* Dex3CoreData.app */ = {isa = PBXFileReference; explicitFileType = wrapper.application; includeInIndex = 0; path = Dex3CoreData.app; sourceTree = BUILT_PRODUCTS_DIR; };
		1874F9162CCF7623005309EB /* Dex3CoreDataTests.xctest */ = {isa = PBXFileReference; explicitFileType = wrapper.cfbundle; includeInIndex = 0; path = Dex3CoreDataTests.xctest; sourceTree = BUILT_PRODUCTS_DIR; };
		1874F9202CCF7623005309EB /* Dex3CoreDataUITests.xctest */ = {isa = PBXFileReference; explicitFileType = wrapper.cfbundle; includeInIndex = 0; path = Dex3CoreDataUITests.xctest; sourceTree = BUILT_PRODUCTS_DIR; };
/* End PBXFileReference section */

/* Begin PBXFileSystemSynchronizedBuildFileExceptionSet section */
		185B4F6E2CD0DE2E00DD6120 /* Exceptions for "Dex3CoreDataWidget" folder in "Dex3CoreDataWidgetExtension" target */ = {
			isa = PBXFileSystemSynchronizedBuildFileExceptionSet;
			membershipExceptions = (
				Info.plist,
			);
			target = 185B4F562CD0DE2B00DD6120 /* Dex3CoreDataWidgetExtension */;
		};
		185B4F742CD0DF1200DD6120 /* Exceptions for "Dex3CoreData" folder in "Dex3CoreDataWidgetExtension" target */ = {
			isa = PBXFileSystemSynchronizedBuildFileExceptionSet;
			membershipExceptions = (
				Assets.xcassets,
				Dex3CoreData.xcdatamodeld,
				FetchedImage.swift,
				Persistence.swift,
				SamplePokemon.swift,
				WidgetPokemon.swift,
			);
			target = 185B4F562CD0DE2B00DD6120 /* Dex3CoreDataWidgetExtension */;
		};
/* End PBXFileSystemSynchronizedBuildFileExceptionSet section */

/* Begin PBXFileSystemSynchronizedRootGroup section */
		185B4F5D2CD0DE2B00DD6120 /* Dex3CoreDataWidget */ = {
			isa = PBXFileSystemSynchronizedRootGroup;
			exceptions = (
				185B4F6E2CD0DE2E00DD6120 /* Exceptions for "Dex3CoreDataWidget" folder in "Dex3CoreDataWidgetExtension" target */,
			);
			path = Dex3CoreDataWidget;
			sourceTree = "<group>";
		};
		1874F9022CCF7620005309EB /* Dex3CoreData */ = {
			isa = PBXFileSystemSynchronizedRootGroup;
			exceptions = (
				185B4F742CD0DF1200DD6120 /* Exceptions for "Dex3CoreData" folder in "Dex3CoreDataWidgetExtension" target */,
			);
			path = Dex3CoreData;
			sourceTree = "<group>";
		};
		1874F9192CCF7623005309EB /* Dex3CoreDataTests */ = {
			isa = PBXFileSystemSynchronizedRootGroup;
			path = Dex3CoreDataTests;
			sourceTree = "<group>";
		};
		1874F9232CCF7623005309EB /* Dex3CoreDataUITests */ = {
			isa = PBXFileSystemSynchronizedRootGroup;
			path = Dex3CoreDataUITests;
			sourceTree = "<group>";
		};
/* End PBXFileSystemSynchronizedRootGroup section */

/* Begin PBXFrameworksBuildPhase section */
		185B4F542CD0DE2B00DD6120 /* Frameworks */ = {
			isa = PBXFrameworksBuildPhase;
			buildActionMask = 2147483647;
			files = (
				185B4F5C2CD0DE2B00DD6120 /* SwiftUI.framework in Frameworks */,
				185B4F5A2CD0DE2B00DD6120 /* WidgetKit.framework in Frameworks */,
			);
			runOnlyForDeploymentPostprocessing = 0;
		};
		1874F8FD2CCF7620005309EB /* Frameworks */ = {
			isa = PBXFrameworksBuildPhase;
			buildActionMask = 2147483647;
			files = (
			);
			runOnlyForDeploymentPostprocessing = 0;
		};
		1874F9132CCF7623005309EB /* Frameworks */ = {
			isa = PBXFrameworksBuildPhase;
			buildActionMask = 2147483647;
			files = (
			);
			runOnlyForDeploymentPostprocessing = 0;
		};
		1874F91D2CCF7623005309EB /* Frameworks */ = {
			isa = PBXFrameworksBuildPhase;
			buildActionMask = 2147483647;
			files = (
			);
			runOnlyForDeploymentPostprocessing = 0;
		};
/* End PBXFrameworksBuildPhase section */

/* Begin PBXGroup section */
		185B4F582CD0DE2B00DD6120 /* Frameworks */ = {
			isa = PBXGroup;
			children = (
				185B4F592CD0DE2B00DD6120 /* WidgetKit.framework */,
				185B4F5B2CD0DE2B00DD6120 /* SwiftUI.framework */,
			);
			name = Frameworks;
			sourceTree = "<group>";
		};
		1874F8F72CCF7620005309EB = {
			isa = PBXGroup;
			children = (
				1874F9022CCF7620005309EB /* Dex3CoreData */,
				1874F9192CCF7623005309EB /* Dex3CoreDataTests */,
				1874F9232CCF7623005309EB /* Dex3CoreDataUITests */,
				185B4F5D2CD0DE2B00DD6120 /* Dex3CoreDataWidget */,
				185B4F582CD0DE2B00DD6120 /* Frameworks */,
				1874F9012CCF7620005309EB /* Products */,
			);
			sourceTree = "<group>";
		};
		1874F9012CCF7620005309EB /* Products */ = {
			isa = PBXGroup;
			children = (
				1874F9002CCF7620005309EB /* Dex3CoreData.app */,
				1874F9162CCF7623005309EB /* Dex3CoreDataTests.xctest */,
				1874F9202CCF7623005309EB /* Dex3CoreDataUITests.xctest */,
				185B4F572CD0DE2B00DD6120 /* Dex3CoreDataWidgetExtension.appex */,
			);
			name = Products;
			sourceTree = "<group>";
		};
/* End PBXGroup section */

/* Begin PBXNativeTarget section */
		185B4F562CD0DE2B00DD6120 /* Dex3CoreDataWidgetExtension */ = {
			isa = PBXNativeTarget;
			buildConfigurationList = 185B4F6F2CD0DE2E00DD6120 /* Build configuration list for PBXNativeTarget "Dex3CoreDataWidgetExtension" */;
			buildPhases = (
				185B4F532CD0DE2B00DD6120 /* Sources */,
				185B4F542CD0DE2B00DD6120 /* Frameworks */,
				185B4F552CD0DE2B00DD6120 /* Resources */,
			);
			buildRules = (
			);
			dependencies = (
			);
			fileSystemSynchronizedGroups = (
				185B4F5D2CD0DE2B00DD6120 /* Dex3CoreDataWidget */,
			);
			name = Dex3CoreDataWidgetExtension;
			packageProductDependencies = (
			);
			productName = Dex3CoreDataWidgetExtension;
			productReference = 185B4F572CD0DE2B00DD6120 /* Dex3CoreDataWidgetExtension.appex */;
			productType = "com.apple.product-type.app-extension";
		};
		1874F8FF2CCF7620005309EB /* Dex3CoreData */ = {
			isa = PBXNativeTarget;
			buildConfigurationList = 1874F92A2CCF7623005309EB /* Build configuration list for PBXNativeTarget "Dex3CoreData" */;
			buildPhases = (
				1874F8FC2CCF7620005309EB /* Sources */,
				1874F8FD2CCF7620005309EB /* Frameworks */,
				1874F8FE2CCF7620005309EB /* Resources */,
				185B4F722CD0DE2E00DD6120 /* Embed Foundation Extensions */,
			);
			buildRules = (
			);
			dependencies = (
				185B4F6C2CD0DE2E00DD6120 /* PBXTargetDependency */,
			);
			fileSystemSynchronizedGroups = (
				1874F9022CCF7620005309EB /* Dex3CoreData */,
			);
			name = Dex3CoreData;
			packageProductDependencies = (
			);
			productName = Dex3CoreData;
			productReference = 1874F9002CCF7620005309EB /* Dex3CoreData.app */;
			productType = "com.apple.product-type.application";
		};
		1874F9152CCF7623005309EB /* Dex3CoreDataTests */ = {
			isa = PBXNativeTarget;
			buildConfigurationList = 1874F92D2CCF7623005309EB /* Build configuration list for PBXNativeTarget "Dex3CoreDataTests" */;
			buildPhases = (
				1874F9122CCF7623005309EB /* Sources */,
				1874F9132CCF7623005309EB /* Frameworks */,
				1874F9142CCF7623005309EB /* Resources */,
			);
			buildRules = (
			);
			dependencies = (
				1874F9182CCF7623005309EB /* PBXTargetDependency */,
			);
			fileSystemSynchronizedGroups = (
				1874F9192CCF7623005309EB /* Dex3CoreDataTests */,
			);
			name = Dex3CoreDataTests;
			packageProductDependencies = (
			);
			productName = Dex3CoreDataTests;
			productReference = 1874F9162CCF7623005309EB /* Dex3CoreDataTests.xctest */;
			productType = "com.apple.product-type.bundle.unit-test";
		};
		1874F91F2CCF7623005309EB /* Dex3CoreDataUITests */ = {
			isa = PBXNativeTarget;
			buildConfigurationList = 1874F9302CCF7623005309EB /* Build configuration list for PBXNativeTarget "Dex3CoreDataUITests" */;
			buildPhases = (
				1874F91C2CCF7623005309EB /* Sources */,
				1874F91D2CCF7623005309EB /* Frameworks */,
				1874F91E2CCF7623005309EB /* Resources */,
			);
			buildRules = (
			);
			dependencies = (
				1874F9222CCF7623005309EB /* PBXTargetDependency */,
			);
			fileSystemSynchronizedGroups = (
				1874F9232CCF7623005309EB /* Dex3CoreDataUITests */,
			);
			name = Dex3CoreDataUITests;
			packageProductDependencies = (
			);
			productName = Dex3CoreDataUITests;
			productReference = 1874F9202CCF7623005309EB /* Dex3CoreDataUITests.xctest */;
			productType = "com.apple.product-type.bundle.ui-testing";
		};
/* End PBXNativeTarget section */

/* Begin PBXProject section */
		1874F8F82CCF7620005309EB /* Project object */ = {
			isa = PBXProject;
			attributes = {
				BuildIndependentTargetsInParallel = 1;
				LastSwiftUpdateCheck = 1600;
				LastUpgradeCheck = 2610;
				TargetAttributes = {
					185B4F562CD0DE2B00DD6120 = {
						CreatedOnToolsVersion = 16.0;
					};
					1874F8FF2CCF7620005309EB = {
						CreatedOnToolsVersion = 16.0;
					};
					1874F9152CCF7623005309EB = {
						CreatedOnToolsVersion = 16.0;
						TestTargetID = 1874F8FF2CCF7620005309EB;
					};
					1874F91F2CCF7623005309EB = {
						CreatedOnToolsVersion = 16.0;
						TestTargetID = 1874F8FF2CCF7620005309EB;
					};
				};
			};
			buildConfigurationList = 1874F8FB2CCF7620005309EB /* Build configuration list for PBXProject "Dex3CoreData" */;
			developmentRegion = en;
			hasScannedForEncodings = 0;
			knownRegions = (
				en,
				Base,
			);
			mainGroup = 1874F8F72CCF7620005309EB;
			minimizedProjectReferenceProxies = 1;
			preferredProjectObjectVersion = 77;
			productRefGroup = 1874F9012CCF7620005309EB /* Products */;
			projectDirPath = "";
			projectRoot = "";
			targets = (
				1874F8FF2CCF7620005309EB /* Dex3CoreData */,
				1874F9152CCF7623005309EB /* Dex3CoreDataTests */,
				1874F91F2CCF7623005309EB /* Dex3CoreDataUITests */,
				185B4F562CD0DE2B00DD6120 /* Dex3CoreDataWidgetExtension */,
			);
		};
/* End PBXProject section */

/* Begin PBXResourcesBuildPhase section */
		185B4F552CD0DE2B00DD6120 /* Resources */ = {
			isa = PBXResourcesBuildPhase;
			buildActionMask = 2147483647;
			files = (
			);
			runOnlyForDeploymentPostprocessing = 0;
		};
		1874F8FE2CCF7620005309EB /* Resources */ = {
			isa = PBXResourcesBuildPhase;
			buildActionMask = 2147483647;
			files = (
			);
			runOnlyForDeploymentPostprocessing = 0;
		};
		1874F9142CCF7623005309EB /* Resources */ = {
			isa = PBXResourcesBuildPhase;
			buildActionMask = 2147483647;
			files = (
			);
			runOnlyForDeploymentPostprocessing = 0;
		};
		1874F91E2CCF7623005309EB /* Resources */ = {
			isa = PBXResourcesBuildPhase;
			buildActionMask = 2147483647;
			files = (
			);
			runOnlyForDeploymentPostprocessing = 0;
		};
/* End PBXResourcesBuildPhase section */

/* Begin PBXSourcesBuildPhase section */
		185B4F532CD0DE2B00DD6120 /* Sources */ = {
			isa = PBXSourcesBuildPhase;
			buildActionMask = 2147483647;
			files = (
			);
			runOnlyForDeploymentPostprocessing = 0;
		};
		1874F8FC2CCF7620005309EB /* Sources */ = {
			isa = PBXSourcesBuildPhase;
			buildActionMask = 2147483647;
			files = (
			);
			runOnlyForDeploymentPostprocessing = 0;
		};
		1874F9122CCF7623005309EB /* Sources */ = {
			isa = PBXSourcesBuildPhase;
			buildActionMask = 2147483647;
			files = (
			);
			runOnlyForDeploymentPostprocessing = 0;
		};
		1874F91C2CCF7623005309EB /* Sources */ = {
			isa = PBXSourcesBuildPhase;
			buildActionMask = 2147483647;
			files = (
			);
			runOnlyForDeploymentPostprocessing = 0;
		};
/* End PBXSourcesBuildPhase section */

/* Begin PBXTargetDependency section */
		185B4F6C2CD0DE2E00DD6120 /* PBXTargetDependency */ = {
			isa = PBXTargetDependency;
			target = 185B4F562CD0DE2B00DD6120 /* Dex3CoreDataWidgetExtension */;
			targetProxy = 185B4F6B2CD0DE2E00DD6120 /* PBXContainerItemProxy */;
		};
		1874F9182CCF7623005309EB /* PBXTargetDependency */ = {
			isa = PBXTargetDependency;
			target = 1874F8FF2CCF7620005309EB /* Dex3CoreData */;
			targetProxy = 1874F9172CCF7623005309EB /* PBXContainerItemProxy */;
		};
		1874F9222CCF7623005309EB /* PBXTargetDependency */ = {
			isa = PBXTargetDependency;
			target = 1874F8FF2CCF7620005309EB /* Dex3CoreData */;
			targetProxy = 1874F9212CCF7623005309EB /* PBXContainerItemProxy */;
		};
/* End PBXTargetDependency section */

/* Begin XCBuildConfiguration section */
		185B4F702CD0DE2E00DD6120 /* Debug */ = {
			isa = XCBuildConfiguration;
			buildSettings = {
				ASSETCATALOG_COMPILER_GLOBAL_ACCENT_COLOR_NAME = AccentColor;
				ASSETCATALOG_COMPILER_WIDGET_BACKGROUND_COLOR_NAME = WidgetBackground;
				CODE_SIGN_ENTITLEMENTS = Dex3CoreDataWidget/Dex3CoreDataWidgetExtension.entitlements;
				CODE_SIGN_STYLE = Automatic;
				CURRENT_PROJECT_VERSION = 1;
				DEVELOPMENT_TEAM = 9G29Z3972X;
				GENERATE_INFOPLIST_FILE = YES;
				INFOPLIST_FILE = Dex3CoreDataWidget/Info.plist;
				INFOPLIST_KEY_CFBundleDisplayName = Dex3CoreDataWidget;
				INFOPLIST_KEY_NSHumanReadableCopyright = "";
				IPHONEOS_DEPLOYMENT_TARGET = 18.0;
				LD_RUNPATH_SEARCH_PATHS = (
					"$(inherited)",
					"@executable_path/Frameworks",
					"@executable_path/../../Frameworks",
				);
				MARKETING_VERSION = 1.0;
				PRODUCT_BUNDLE_IDENTIFIER = com.mnjammy.tech.Dex3CoreData.Dex3CoreDataWidget;
				PRODUCT_NAME = "$(TARGET_NAME)";
				SDKROOT = iphoneos;
				SKIP_INSTALL = YES;
				SWIFT_EMIT_LOC_STRINGS = YES;
				SWIFT_VERSION = 5.0;
				TARGETED_DEVICE_FAMILY = "1,2";
			};
			name = Debug;
		};
		185B4F712CD0DE2E00DD6120 /* Release */ = {
			isa = XCBuildConfiguration;
			buildSettings = {
				ASSETCATALOG_COMPILER_GLOBAL_ACCENT_COLOR_NAME = AccentColor;
				ASSETCATALOG_COMPILER_WIDGET_BACKGROUND_COLOR_NAME = WidgetBackground;
				CODE_SIGN_ENTITLEMENTS = Dex3CoreDataWidget/Dex3CoreDataWidgetExtension.entitlements;
				CODE_SIGN_STYLE = Automatic;
				CURRENT_PROJECT_VERSION = 1;
				DEVELOPMENT_TEAM = 9G29Z3972X;
				GENERATE_INFOPLIST_FILE = YES;
				INFOPLIST_FILE = Dex3CoreDataWidget/Info.plist;
				INFOPLIST_KEY_CFBundleDisplayName = Dex3CoreDataWidget;
				INFOPLIST_KEY_NSHumanReadableCopyright = "";
				IPHONEOS_DEPLOYMENT_TARGET = 18.0;
				LD_RUNPATH_SEARCH_PATHS = (
					"$(inherited)",
					"@executable_path/Frameworks",
					"@executable_path/../../Frameworks",
				);
				MARKETING_VERSION = 1.0;
				PRODUCT_BUNDLE_IDENTIFIER = com.mnjammy.tech.Dex3CoreData.Dex3CoreDataWidget;
				PRODUCT_NAME = "$(TARGET_NAME)";
				SDKROOT = iphoneos;
				SKIP_INSTALL = YES;
				SWIFT_EMIT_LOC_STRINGS = YES;
				SWIFT_VERSION = 5.0;
				TARGETED_DEVICE_FAMILY = "1,2";
				VALIDATE_PRODUCT = YES;
			};
			name = Release;
		};
		1874F9282CCF7623005309EB /* Debug */ = {
			isa = XCBuildConfiguration;
			buildSettings = {
				ALWAYS_SEARCH_USER_PATHS = NO;
				ASSETCATALOG_COMPILER_GENERATE_SWIFT_ASSET_SYMBOL_EXTENSIONS = YES;
				CLANG_ANALYZER_NONNULL = YES;
				CLANG_ANALYZER_NUMBER_OBJECT_CONVERSION = YES_AGGRESSIVE;
				CLANG_CXX_LANGUAGE_STANDARD = "gnu++20";
				CLANG_ENABLE_MODULES = YES;
				CLANG_ENABLE_OBJC_ARC = YES;
				CLANG_ENABLE_OBJC_WEAK = YES;
				CLANG_WARN_BLOCK_CAPTURE_AUTORELEASING = YES;
				CLANG_WARN_BOOL_CONVERSION = YES;
				CLANG_WARN_COMMA = YES;
				CLANG_WARN_CONSTANT_CONVERSION = YES;
				CLANG_WARN_DEPRECATED_OBJC_IMPLEMENTATIONS = YES;
				CLANG_WARN_DIRECT_OBJC_ISA_USAGE = YES_ERROR;
				CLANG_WARN_DOCUMENTATION_COMMENTS = YES;
				CLANG_WARN_EMPTY_BODY = YES;
				CLANG_WARN_ENUM_CONVERSION = YES;
				CLANG_WARN_INFINITE_RECURSION = YES;
				CLANG_WARN_INT_CONVERSION = YES;
				CLANG_WARN_NON_LITERAL_NULL_CONVERSION = YES;
				CLANG_WARN_OBJC_IMPLICIT_RETAIN_SELF = YES;
				CLANG_WARN_OBJC_LITERAL_CONVERSION = YES;
				CLANG_WARN_OBJC_ROOT_CLASS = YES_ERROR;
				CLANG_WARN_QUOTED_INCLUDE_IN_FRAMEWORK_HEADER = YES;
				CLANG_WARN_RANGE_LOOP_ANALYSIS = YES;
				CLANG_WARN_STRICT_PROTOTYPES = YES;
				CLANG_WARN_SUSPICIOUS_MOVE = YES;
				CLANG_WARN_UNGUARDED_AVAILABILITY = YES_AGGRESSIVE;
				CLANG_WARN_UNREACHABLE_CODE = YES;
				CLANG_WARN__DUPLICATE_METHOD_MATCH = YES;
				COPY_PHASE_STRIP = NO;
				DEAD_CODE_STRIPPING = YES;
				DEBUG_INFORMATION_FORMAT = dwarf;
				ENABLE_STRICT_OBJC_MSGSEND = YES;
				ENABLE_TESTABILITY = YES;
				ENABLE_USER_SCRIPT_SANDBOXING = YES;
				GCC_C_LANGUAGE_STANDARD = gnu17;
				GCC_DYNAMIC_NO_PIC = NO;
				GCC_NO_COMMON_BLOCKS = YES;
				GCC_OPTIMIZATION_LEVEL = 0;
				GCC_PREPROCESSOR_DEFINITIONS = (
					"DEBUG=1",
					"$(inherited)",
				);
				GCC_WARN_64_TO_32_BIT_CONVERSION = YES;
				GCC_WARN_ABOUT_RETURN_TYPE = YES_ERROR;
				GCC_WARN_UNDECLARED_SELECTOR = YES;
				GCC_WARN_UNINITIALIZED_AUTOS = YES_AGGRESSIVE;
				GCC_WARN_UNUSED_FUNCTION = YES;
				GCC_WARN_UNUSED_VARIABLE = YES;
				LOCALIZATION_PREFERS_STRING_CATALOGS = YES;
				MTL_ENABLE_DEBUG_INFO = INCLUDE_SOURCE;
				MTL_FAST_MATH = YES;
				ONLY_ACTIVE_ARCH = YES;
				STRING_CATALOG_GENERATE_SYMBOLS = YES;
				SWIFT_ACTIVE_COMPILATION_CONDITIONS = "DEBUG $(inherited)";
				SWIFT_OPTIMIZATION_LEVEL = "-Onone";
			};
			name = Debug;
		};
		1874F9292CCF7623005309EB /* Release */ = {
			isa = XCBuildConfiguration;
			buildSettings = {
				ALWAYS_SEARCH_USER_PATHS = NO;
				ASSETCATALOG_COMPILER_GENERATE_SWIFT_ASSET_SYMBOL_EXTENSIONS = YES;
				CLANG_ANALYZER_NONNULL = YES;
				CLANG_ANALYZER_NUMBER_OBJECT_CONVERSION = YES_AGGRESSIVE;
				CLANG_CXX_LANGUAGE_STANDARD = "gnu++20";
				CLANG_ENABLE_MODULES = YES;
				CLANG_ENABLE_OBJC_ARC = YES;
				CLANG_ENABLE_OBJC_WEAK = YES;
				CLANG_WARN_BLOCK_CAPTURE_AUTORELEASING = YES;
				CLANG_WARN_BOOL_CONVERSION = YES;
				CLANG_WARN_COMMA = YES;
				CLANG_WARN_CONSTANT_CONVERSION = YES;
				CLANG_WARN_DEPRECATED_OBJC_IMPLEMENTATIONS = YES;
				CLANG_WARN_DIRECT_OBJC_ISA_USAGE = YES_ERROR;
				CLANG_WARN_DOCUMENTATION_COMMENTS = YES;
				CLANG_WARN_EMPTY_BODY = YES;
				CLANG_WARN_ENUM_CONVERSION = YES;
				CLANG_WARN_INFINITE_RECURSION = YES;
				CLANG_WARN_INT_CONVERSION = YES;
				CLANG_WARN_NON_LITERAL_NULL_CONVERSION = YES;
				CLANG_WARN_OBJC_IMPLICIT_RETAIN_SELF = YES;
				CLANG_WARN_OBJC_LITERAL_CONVERSION = YES;
				CLANG_WARN_OBJC_ROOT_CLASS = YES_ERROR;
				CLANG_WARN_QUOTED_INCLUDE_IN_FRAMEWORK_HEADER = YES;
				CLANG_WARN_RANGE_LOOP_ANALYSIS = YES;
				CLANG_WARN_STRICT_PROTOTYPES = YES;
				CLANG_WARN_SUSPICIOUS_MOVE = YES;
				CLANG_WARN_UNGUARDED_AVAILABILITY = YES_AGGRESSIVE;
				CLANG_WARN_UNREACHABLE_CODE = YES;
				CLANG_WARN__DUPLICATE_METHOD_MATCH = YES;
				COPY_PHASE_STRIP = NO;
				DEAD_CODE_STRIPPING = YES;
				DEBUG_INFORMATION_FORMAT = "dwarf-with-dsym";
				ENABLE_NS_ASSERTIONS = NO;
				ENABLE_STRICT_OBJC_MSGSEND = YES;
				ENABLE_USER_SCRIPT_SANDBOXING = YES;
				GCC_C_LANGUAGE_STANDARD = gnu17;
				GCC_NO_COMMON_BLOCKS = YES;
				GCC_WARN_64_TO_32_BIT_CONVERSION = YES;
				GCC_WARN_ABOUT_RETURN_TYPE = YES_ERROR;
				GCC_WARN_UNDECLARED_SELECTOR = YES;
				GCC_WARN_UNINITIALIZED_AUTOS = YES_AGGRESSIVE;
				GCC_WARN_UNUSED_FUNCTION = YES;
				GCC_WARN_UNUSED_VARIABLE = YES;
				LOCALIZATION_PREFERS_STRING_CATALOGS = YES;
				MTL_ENABLE_DEBUG_INFO = NO;
				MTL_FAST_MATH = YES;
				STRING_CATALOG_GENERATE_SYMBOLS = YES;
				SWIFT_COMPILATION_MODE = wholemodule;
			};
			name = Release;
		};
		1874F92B2CCF7623005309EB /* Debug */ = {
			isa = XCBuildConfiguration;
			buildSettings = {
				ASSETCATALOG_COMPILER_APPICON_NAME = AppIcon;
				ASSETCATALOG_COMPILER_GLOBAL_ACCENT_COLOR_NAME = AccentColor;
				CODE_SIGN_ENTITLEMENTS = Dex3CoreData/Dex3CoreData.entitlements;
				CODE_SIGN_STYLE = Automatic;
				CURRENT_PROJECT_VERSION = 1;
				DEAD_CODE_STRIPPING = YES;
				DEVELOPMENT_ASSET_PATHS = "\"Dex3CoreData/Preview Content\"";
				DEVELOPMENT_TEAM = B97AZH836R;
				ENABLE_APP_SANDBOX = YES;
				ENABLE_HARDENED_RUNTIME = YES;
				ENABLE_PREVIEWS = YES;
				ENABLE_USER_SELECTED_FILES = readonly;
				GENERATE_INFOPLIST_FILE = YES;
				INFOPLIST_KEY_CFBundleDisplayName = PokeDex;
				INFOPLIST_KEY_LSApplicationCategoryType = "public.app-category.reference";
				"INFOPLIST_KEY_UIApplicationSceneManifest_Generation[sdk=iphoneos*]" = YES;
				"INFOPLIST_KEY_UIApplicationSceneManifest_Generation[sdk=iphonesimulator*]" = YES;
				"INFOPLIST_KEY_UIApplicationSupportsIndirectInputEvents[sdk=iphoneos*]" = YES;
				"INFOPLIST_KEY_UIApplicationSupportsIndirectInputEvents[sdk=iphonesimulator*]" = YES;
				"INFOPLIST_KEY_UILaunchScreen_Generation[sdk=iphoneos*]" = YES;
				"INFOPLIST_KEY_UILaunchScreen_Generation[sdk=iphonesimulator*]" = YES;
				"INFOPLIST_KEY_UIStatusBarStyle[sdk=iphoneos*]" = UIStatusBarStyleDefault;
				"INFOPLIST_KEY_UIStatusBarStyle[sdk=iphonesimulator*]" = UIStatusBarStyleDefault;
				INFOPLIST_KEY_UISupportedInterfaceOrientations_iPad = "UIInterfaceOrientationPortrait UIInterfaceOrientationPortraitUpsideDown UIInterfaceOrientationLandscapeLeft UIInterfaceOrientationLandscapeRight";
				INFOPLIST_KEY_UISupportedInterfaceOrientations_iPhone = "UIInterfaceOrientationPortrait UIInterfaceOrientationLandscapeLeft UIInterfaceOrientationLandscapeRight";
				IPHONEOS_DEPLOYMENT_TARGET = 18.0;
				LD_RUNPATH_SEARCH_PATHS = "@executable_path/Frameworks";
				"LD_RUNPATH_SEARCH_PATHS[sdk=macosx*]" = "@executable_path/../Frameworks";
				MACOSX_DEPLOYMENT_TARGET = 15.0;
				MARKETING_VERSION = 1.0;
				PRODUCT_BUNDLE_IDENTIFIER = com.mnjammy.tech.Dex3CoreData;
				PRODUCT_NAME = "$(TARGET_NAME)";
				REGISTER_APP_GROUPS = YES;
				SDKROOT = auto;
				SUPPORTED_PLATFORMS = "iphoneos iphonesimulator macosx xros xrsimulator";
				SWIFT_EMIT_LOC_STRINGS = YES;
				SWIFT_VERSION = 5.0;
				TARGETED_DEVICE_FAMILY = "1,2,7";
				XROS_DEPLOYMENT_TARGET = 2.0;
			};
			name = Debug;
		};
		1874F92C2CCF7623005309EB /* Release */ = {
			isa = XCBuildConfiguration;
			buildSettings = {
				ASSETCATALOG_COMPILER_APPICON_NAME = AppIcon;
				ASSETCATALOG_COMPILER_GLOBAL_ACCENT_COLOR_NAME = AccentColor;
				CODE_SIGN_ENTITLEMENTS = Dex3CoreData/Dex3CoreData.entitlements;
				CODE_SIGN_STYLE = Automatic;
				CURRENT_PROJECT_VERSION = 1;
				DEAD_CODE_STRIPPING = YES;
				DEVELOPMENT_ASSET_PATHS = "\"Dex3CoreData/Preview Content\"";
				DEVELOPMENT_TEAM = B97AZH836R;
				ENABLE_APP_SANDBOX = YES;
				ENABLE_HARDENED_RUNTIME = YES;
				ENABLE_PREVIEWS = YES;
				ENABLE_USER_SELECTED_FILES = readonly;
				GENERATE_INFOPLIST_FILE = YES;
				INFOPLIST_KEY_CFBundleDisplayName = PokeDex;
				INFOPLIST_KEY_LSApplicationCategoryType = "public.app-category.reference";
				"INFOPLIST_KEY_UIApplicationSceneManifest_Generation[sdk=iphoneos*]" = YES;
				"INFOPLIST_KEY_UIApplicationSceneManifest_Generation[sdk=iphonesimulator*]" = YES;
				"INFOPLIST_KEY_UIApplicationSupportsIndirectInputEvents[sdk=iphoneos*]" = YES;
				"INFOPLIST_KEY_UIApplicationSupportsIndirectInputEvents[sdk=iphonesimulator*]" = YES;
				"INFOPLIST_KEY_UILaunchScreen_Generation[sdk=iphoneos*]" = YES;
				"INFOPLIST_KEY_UILaunchScreen_Generation[sdk=iphonesimulator*]" = YES;
				"INFOPLIST_KEY_UIStatusBarStyle[sdk=iphoneos*]" = UIStatusBarStyleDefault;
				"INFOPLIST_KEY_UIStatusBarStyle[sdk=iphonesimulator*]" = UIStatusBarStyleDefault;
				INFOPLIST_KEY_UISupportedInterfaceOrientations_iPad = "UIInterfaceOrientationPortrait UIInterfaceOrientationPortraitUpsideDown UIInterfaceOrientationLandscapeLeft UIInterfaceOrientationLandscapeRight";
				INFOPLIST_KEY_UISupportedInterfaceOrientations_iPhone = "UIInterfaceOrientationPortrait UIInterfaceOrientationLandscapeLeft UIInterfaceOrientationLandscapeRight";
				IPHONEOS_DEPLOYMENT_TARGET = 18.0;
				LD_RUNPATH_SEARCH_PATHS = "@executable_path/Frameworks";
				"LD_RUNPATH_SEARCH_PATHS[sdk=macosx*]" = "@executable_path/../Frameworks";
				MACOSX_DEPLOYMENT_TARGET = 15.0;
				MARKETING_VERSION = 1.0;
				PRODUCT_BUNDLE_IDENTIFIER = com.mnjammy.tech.Dex3CoreData;
				PRODUCT_NAME = "$(TARGET_NAME)";
				REGISTER_APP_GROUPS = YES;
				SDKROOT = auto;
				SUPPORTED_PLATFORMS = "iphoneos iphonesimulator macosx xros xrsimulator";
				SWIFT_EMIT_LOC_STRINGS = YES;
				SWIFT_VERSION = 5.0;
				TARGETED_DEVICE_FAMILY = "1,2,7";
				XROS_DEPLOYMENT_TARGET = 2.0;
			};
			name = Release;
		};
		1874F92E2CCF7623005309EB /* Debug */ = {
			isa = XCBuildConfiguration;
			buildSettings = {
				BUNDLE_LOADER = "$(TEST_HOST)";
				CODE_SIGN_STYLE = Automatic;
				CURRENT_PROJECT_VERSION = 1;
				DEAD_CODE_STRIPPING = YES;
				DEVELOPMENT_TEAM = 9G29Z3972X;
				GENERATE_INFOPLIST_FILE = YES;
				IPHONEOS_DEPLOYMENT_TARGET = 18.0;
				MACOSX_DEPLOYMENT_TARGET = 15.0;
				MARKETING_VERSION = 1.0;
				PRODUCT_BUNDLE_IDENTIFIER = com.mnjammy.tech.Dex3CoreDataTests;
				PRODUCT_NAME = "$(TARGET_NAME)";
				SDKROOT = auto;
				SUPPORTED_PLATFORMS = "iphoneos iphonesimulator macosx xros xrsimulator";
				SWIFT_EMIT_LOC_STRINGS = NO;
				SWIFT_VERSION = 5.0;
				TARGETED_DEVICE_FAMILY = "1,2,7";
				TEST_HOST = "$(BUILT_PRODUCTS_DIR)/Dex3CoreData.app/$(BUNDLE_EXECUTABLE_FOLDER_PATH)/Dex3CoreData";
				XROS_DEPLOYMENT_TARGET = 2.0;
			};
			name = Debug;
		};
		1874F92F2CCF7623005309EB /* Release */ = {
			isa = XCBuildConfiguration;
			buildSettings = {
				BUNDLE_LOADER = "$(TEST_HOST)";
				CODE_SIGN_STYLE = Automatic;
				CURRENT_PROJECT_VERSION = 1;
				DEAD_CODE_STRIPPING = YES;
				DEVELOPMENT_TEAM = 9G29Z3972X;
				GENERATE_INFOPLIST_FILE = YES;
				IPHONEOS_DEPLOYMENT_TARGET = 18.0;
				MACOSX_DEPLOYMENT_TARGET = 15.0;
				MARKETING_VERSION = 1.0;
				PRODUCT_BUNDLE_IDENTIFIER = com.mnjammy.tech.Dex3CoreDataTests;
				PRODUCT_NAME = "$(TARGET_NAME)";
				SDKROOT = auto;
				SUPPORTED_PLATFORMS = "iphoneos iphonesimulator macosx xros xrsimulator";
				SWIFT_EMIT_LOC_STRINGS = NO;
				SWIFT_VERSION = 5.0;
				TARGETED_DEVICE_FAMILY = "1,2,7";
				TEST_HOST = "$(BUILT_PRODUCTS_DIR)/Dex3CoreData.app/$(BUNDLE_EXECUTABLE_FOLDER_PATH)/Dex3CoreData";
				XROS_DEPLOYMENT_TARGET = 2.0;
			};
			name = Release;
		};
		1874F9312CCF7623005309EB /* Debug */ = {
			isa = XCBuildConfiguration;
			buildSettings = {
				CODE_SIGN_STYLE = Automatic;
				CURRENT_PROJECT_VERSION = 1;
				DEAD_CODE_STRIPPING = YES;
				DEVELOPMENT_TEAM = 9G29Z3972X;
				GENERATE_INFOPLIST_FILE = YES;
				IPHONEOS_DEPLOYMENT_TARGET = 18.0;
				MACOSX_DEPLOYMENT_TARGET = 15.0;
				MARKETING_VERSION = 1.0;
				PRODUCT_BUNDLE_IDENTIFIER = com.mnjammy.tech.Dex3CoreDataUITests;
				PRODUCT_NAME = "$(TARGET_NAME)";
				SDKROOT = auto;
				SUPPORTED_PLATFORMS = "iphoneos iphonesimulator macosx xros xrsimulator";
				SWIFT_EMIT_LOC_STRINGS = NO;
				SWIFT_VERSION = 5.0;
				TARGETED_DEVICE_FAMILY = "1,2,7";
				TEST_TARGET_NAME = Dex3CoreData;
				XROS_DEPLOYMENT_TARGET = 2.0;
			};
			name = Debug;
		};
		1874F9322CCF7623005309EB /* Release */ = {
			isa = XCBuildConfiguration;
			buildSettings = {
				CODE_SIGN_STYLE = Automatic;
				CURRENT_PROJECT_VERSION = 1;
				DEAD_CODE_STRIPPING = YES;
				DEVELOPMENT_TEAM = 9G29Z3972X;
				GENERATE_INFOPLIST_FILE = YES;
				IPHONEOS_DEPLOYMENT_TARGET = 18.0;
				MACOSX_DEPLOYMENT_TARGET = 15.0;
				MARKETING_VERSION = 1.0;
				PRODUCT_BUNDLE_IDENTIFIER = com.mnjammy.tech.Dex3CoreDataUITests;
				PRODUCT_NAME = "$(TARGET_NAME)";
				SDKROOT = auto;
				SUPPORTED_PLATFORMS = "iphoneos iphonesimulator macosx xros xrsimulator";
				SWIFT_EMIT_LOC_STRINGS = NO;
				SWIFT_VERSION = 5.0;
				TARGETED_DEVICE_FAMILY = "1,2,7";
				TEST_TARGET_NAME = Dex3CoreData;
				XROS_DEPLOYMENT_TARGET = 2.0;
			};
			name = Release;
		};
/* End XCBuildConfiguration section */

/* Begin XCConfigurationList section */
		185B4F6F2CD0DE2E00DD6120 /* Build configuration list for PBXNativeTarget "Dex3CoreDataWidgetExtension" */ = {
			isa = XCConfigurationList;
			buildConfigurations = (
				185B4F702CD0DE2E00DD6120 /* Debug */,
				185B4F712CD0DE2E00DD6120 /* Release */,
			);
			defaultConfigurationIsVisible = 0;
			defaultConfigurationName = Release;
		};
		1874F8FB2CCF7620005309EB /* Build configuration list for PBXProject "Dex3CoreData" */ = {
			isa = XCConfigurationList;
			buildConfigurations = (
				1874F9282CCF7623005309EB /* Debug */,
				1874F9292CCF7623005309EB /* Release */,
			);
			defaultConfigurationIsVisible = 0;
			defaultConfigurationName = Release;
		};
		1874F92A2CCF7623005309EB /* Build configuration list for PBXNativeTarget "Dex3CoreData" */ = {
			isa = XCConfigurationList;
			buildConfigurations = (
				1874F92B2CCF7623005309EB /* Debug */,
				1874F92C2CCF7623005309EB /* Release */,
			);
			defaultConfigurationIsVisible = 0;
			defaultConfigurationName = Release;
		};
		1874F92D2CCF7623005309EB /* Build configuration list for PBXNativeTarget "Dex3CoreDataTests" */ = {
			isa = XCConfigurationList;
			buildConfigurations = (
				1874F92E2CCF7623005309EB /* Debug */,
				1874F92F2CCF7623005309EB /* Release */,
			);
			defaultConfigurationIsVisible = 0;
			defaultConfigurationName = Release;
		};
		1874F9302CCF7623005309EB /* Build configuration list for PBXNativeTarget "Dex3CoreDataUITests" */ = {
			isa = XCConfigurationList;
			buildConfigurations = (
				1874F9312CCF7623005309EB /* Debug */,
				1874F9322CCF7623005309EB /* Release */,
			);
			defaultConfigurationIsVisible = 0;
			defaultConfigurationName = Release;
		};
/* End XCConfigurationList section */
	};
	rootObject = 1874F8F82CCF7620005309EB /* Project object */;
}
